// !$*UTF8*$!
{
	archiveVersion = 1;
	classes = {
	};
	objectVersion = 48;
	objects = {

/* Begin PBXBuildFile section */
		AFE3C5E92060FD7600EEF0F6 /* AppDelegate.m in Sources */ = {isa = PBXBuildFile; fileRef = AFE3C5E82060FD7600EEF0F6 /* AppDelegate.m */; };
		AFE3C5EC2060FD7600EEF0F6 /* ViewController.m in Sources */ = {isa = PBXBuildFile; fileRef = AFE3C5EB2060FD7600EEF0F6 /* ViewController.m */; };
		AFE3C5EF2060FD7600EEF0F6 /* Main.storyboard in Resources */ = {isa = PBXBuildFile; fileRef = AFE3C5ED2060FD7600EEF0F6 /* Main.storyboard */; };
		AFE3C5F12060FD7600EEF0F6 /* Assets.xcassets in Resources */ = {isa = PBXBuildFile; fileRef = AFE3C5F02060FD7600EEF0F6 /* Assets.xcassets */; };
		AFE3C5F72060FD7600EEF0F6 /* main.m in Sources */ = {isa = PBXBuildFile; fileRef = AFE3C5F62060FD7600EEF0F6 /* main.m */; };
		AFE3C6002061125900EEF0F6 /* README.md in Resources */ = {isa = PBXBuildFile; fileRef = AFE3C5FF2061125900EEF0F6 /* README.md */; };
		AFE3C6062061143000EEF0F6 /* Util.m in Sources */ = {isa = PBXBuildFile; fileRef = AFE3C6052061143000EEF0F6 /* Util.m */; };
		AFE3C609206118EF00EEF0F6 /* MainViewController.m in Sources */ = {isa = PBXBuildFile; fileRef = AFE3C608206118EF00EEF0F6 /* MainViewController.m */; };
		AFE3C60C20611B9700EEF0F6 /* HomeViewController.m in Sources */ = {isa = PBXBuildFile; fileRef = AFE3C60B20611B9700EEF0F6 /* HomeViewController.m */; };
		AFE3C60F20611BC500EEF0F6 /* OrderViewController.m in Sources */ = {isa = PBXBuildFile; fileRef = AFE3C60E20611BC500EEF0F6 /* OrderViewController.m */; };
/* End PBXBuildFile section */

/* Begin PBXFileReference section */
		AFE3C5E42060FD7600EEF0F6 /* JHotelIOS.app */ = {isa = PBXFileReference; explicitFileType = wrapper.application; includeInIndex = 0; path = JHotelIOS.app; sourceTree = BUILT_PRODUCTS_DIR; };
		AFE3C5E72060FD7600EEF0F6 /* AppDelegate.h */ = {isa = PBXFileReference; lastKnownFileType = sourcecode.c.h; path = AppDelegate.h; sourceTree = "<group>"; };
		AFE3C5E82060FD7600EEF0F6 /* AppDelegate.m */ = {isa = PBXFileReference; lastKnownFileType = sourcecode.c.objc; path = AppDelegate.m; sourceTree = "<group>"; };
		AFE3C5EA2060FD7600EEF0F6 /* ViewController.h */ = {isa = PBXFileReference; lastKnownFileType = sourcecode.c.h; path = ViewController.h; sourceTree = "<group>"; };
		AFE3C5EB2060FD7600EEF0F6 /* ViewController.m */ = {isa = PBXFileReference; lastKnownFileType = sourcecode.c.objc; path = ViewController.m; sourceTree = "<group>"; };
		AFE3C5EE2060FD7600EEF0F6 /* Base */ = {isa = PBXFileReference; lastKnownFileType = file.storyboard; name = Base; path = Base.lproj/Main.storyboard; sourceTree = "<group>"; };
		AFE3C5F02060FD7600EEF0F6 /* Assets.xcassets */ = {isa = PBXFileReference; lastKnownFileType = folder.assetcatalog; path = Assets.xcassets; sourceTree = "<group>"; };
		AFE3C5F52060FD7600EEF0F6 /* Info.plist */ = {isa = PBXFileReference; lastKnownFileType = text.plist.xml; path = Info.plist; sourceTree = "<group>"; };
		AFE3C5F62060FD7600EEF0F6 /* main.m */ = {isa = PBXFileReference; lastKnownFileType = sourcecode.c.objc; path = main.m; sourceTree = "<group>"; };
		AFE3C5FF2061125900EEF0F6 /* README.md */ = {isa = PBXFileReference; lastKnownFileType = net.daringfireball.markdown; path = README.md; sourceTree = "<group>"; };
		AFE3C6042061143000EEF0F6 /* Util.h */ = {isa = PBXFileReference; lastKnownFileType = sourcecode.c.h; path = Util.h; sourceTree = "<group>"; };
		AFE3C6052061143000EEF0F6 /* Util.m */ = {isa = PBXFileReference; lastKnownFileType = sourcecode.c.objc; path = Util.m; sourceTree = "<group>"; };
		AFE3C607206118EF00EEF0F6 /* MainViewController.h */ = {isa = PBXFileReference; lastKnownFileType = sourcecode.c.h; path = MainViewController.h; sourceTree = "<group>"; };
		AFE3C608206118EF00EEF0F6 /* MainViewController.m */ = {isa = PBXFileReference; lastKnownFileType = sourcecode.c.objc; path = MainViewController.m; sourceTree = "<group>"; };
		AFE3C60A20611B9700EEF0F6 /* HomeViewController.h */ = {isa = PBXFileReference; lastKnownFileType = sourcecode.c.h; path = HomeViewController.h; sourceTree = "<group>"; };
		AFE3C60B20611B9700EEF0F6 /* HomeViewController.m */ = {isa = PBXFileReference; lastKnownFileType = sourcecode.c.objc; path = HomeViewController.m; sourceTree = "<group>"; };
		AFE3C60D20611BC500EEF0F6 /* OrderViewController.h */ = {isa = PBXFileReference; lastKnownFileType = sourcecode.c.h; path = OrderViewController.h; sourceTree = "<group>"; };
		AFE3C60E20611BC500EEF0F6 /* OrderViewController.m */ = {isa = PBXFileReference; lastKnownFileType = sourcecode.c.objc; path = OrderViewController.m; sourceTree = "<group>"; };
/* End PBXFileReference section */

/* Begin PBXFrameworksBuildPhase section */
		AFE3C5E12060FD7600EEF0F6 /* Frameworks */ = {
			isa = PBXFrameworksBuildPhase;
			buildActionMask = 2147483647;
			files = (
			);
			runOnlyForDeploymentPostprocessing = 0;
		};
/* End PBXFrameworksBuildPhase section */

/* Begin PBXGroup section */
		AFE3C5DB2060FD7600EEF0F6 = {
			isa = PBXGroup;
			children = (
				AFE3C5FF2061125900EEF0F6 /* README.md */,
				AFE3C5E62060FD7600EEF0F6 /* JHotelIOS */,
				AFE3C5E52060FD7600EEF0F6 /* Products */,
			);
			sourceTree = "<group>";
		};
		AFE3C5E52060FD7600EEF0F6 /* Products */ = {
			isa = PBXGroup;
			children = (
				AFE3C5E42060FD7600EEF0F6 /* JHotelIOS.app */,
			);
			name = Products;
			sourceTree = "<group>";
		};
		AFE3C5E62060FD7600EEF0F6 /* JHotelIOS */ = {
			isa = PBXGroup;
			children = (
				AFE3C603206113C400EEF0F6 /* Motel */,
				AFE3C602206113B700EEF0F6 /* View */,
				AFE3C601206113A400EEF0F6 /* ViewController */,
				AFE3C5E72060FD7600EEF0F6 /* AppDelegate.h */,
				AFE3C5E82060FD7600EEF0F6 /* AppDelegate.m */,
				AFE3C5EA2060FD7600EEF0F6 /* ViewController.h */,
				AFE3C5EB2060FD7600EEF0F6 /* ViewController.m */,
				AFE3C6042061143000EEF0F6 /* Util.h */,
				AFE3C6052061143000EEF0F6 /* Util.m */,
				AFE3C5F02060FD7600EEF0F6 /* Assets.xcassets */,
				AFE3C5F52060FD7600EEF0F6 /* Info.plist */,
				AFE3C5F62060FD7600EEF0F6 /* main.m */,
				AFE3C5ED2060FD7600EEF0F6 /* Main.storyboard */,
			);
			path = JHotelIOS;
			sourceTree = "<group>";
		};
		AFE3C601206113A400EEF0F6 /* ViewController */ = {
			isa = PBXGroup;
			children = (
				AFE3C607206118EF00EEF0F6 /* MainViewController.h */,
				AFE3C608206118EF00EEF0F6 /* MainViewController.m */,
				AFE3C60A20611B9700EEF0F6 /* HomeViewController.h */,
				AFE3C60B20611B9700EEF0F6 /* HomeViewController.m */,
				AFE3C60D20611BC500EEF0F6 /* OrderViewController.h */,
				AFE3C60E20611BC500EEF0F6 /* OrderViewController.m */,
			);
			path = ViewController;
			sourceTree = "<group>";
		};
		AFE3C602206113B700EEF0F6 /* View */ = {
			isa = PBXGroup;
			children = (
			);
			path = View;
			sourceTree = "<group>";
		};
		AFE3C603206113C400EEF0F6 /* Motel */ = {
			isa = PBXGroup;
			children = (
			);
			path = Motel;
			sourceTree = "<group>";
		};
/* End PBXGroup section */

/* Begin PBXNativeTarget section */
		AFE3C5E32060FD7600EEF0F6 /* JHotelIOS */ = {
			isa = PBXNativeTarget;
			buildConfigurationList = AFE3C5FA2060FD7600EEF0F6 /* Build configuration list for PBXNativeTarget "JHotelIOS" */;
			buildPhases = (
				AFE3C5E02060FD7600EEF0F6 /* Sources */,
				AFE3C5E12060FD7600EEF0F6 /* Frameworks */,
				AFE3C5E22060FD7600EEF0F6 /* Resources */,
			);
			buildRules = (
			);
			dependencies = (
			);
			name = JHotelIOS;
			productName = JHotelIOS;
			productReference = AFE3C5E42060FD7600EEF0F6 /* JHotelIOS.app */;
			productType = "com.apple.product-type.application";
		};
/* End PBXNativeTarget section */

/* Begin PBXProject section */
		AFE3C5DC2060FD7600EEF0F6 /* Project object */ = {
			isa = PBXProject;
			attributes = {
				LastUpgradeCheck = 0920;
				ORGANIZATIONNAME = joehe;
				TargetAttributes = {
					AFE3C5E32060FD7600EEF0F6 = {
						CreatedOnToolsVersion = 9.2;
						ProvisioningStyle = Automatic;
					};
				};
			};
			buildConfigurationList = AFE3C5DF2060FD7600EEF0F6 /* Build configuration list for PBXProject "JHotelIOS" */;
			compatibilityVersion = "Xcode 8.0";
			developmentRegion = en;
			hasScannedForEncodings = 0;
			knownRegions = (
				en,
				Base,
			);
			mainGroup = AFE3C5DB2060FD7600EEF0F6;
			productRefGroup = AFE3C5E52060FD7600EEF0F6 /* Products */;
			projectDirPath = "";
			projectRoot = "";
			targets = (
				AFE3C5E32060FD7600EEF0F6 /* JHotelIOS */,
			);
		};
/* End PBXProject section */

/* Begin PBXResourcesBuildPhase section */
		AFE3C5E22060FD7600EEF0F6 /* Resources */ = {
			isa = PBXResourcesBuildPhase;
			buildActionMask = 2147483647;
			files = (
				AFE3C6002061125900EEF0F6 /* README.md in Resources */,
				AFE3C5F12060FD7600EEF0F6 /* Assets.xcassets in Resources */,
				AFE3C5EF2060FD7600EEF0F6 /* Main.storyboard in Resources */,
			);
			runOnlyForDeploymentPostprocessing = 0;
		};
/* End PBXResourcesBuildPhase section */

/* Begin PBXSourcesBuildPhase section */
		AFE3C5E02060FD7600EEF0F6 /* Sources */ = {
			isa = PBXSourcesBuildPhase;
			buildActionMask = 2147483647;
			files = (
				AFE3C5EC2060FD7600EEF0F6 /* ViewController.m in Sources */,
				AFE3C5F72060FD7600EEF0F6 /* main.m in Sources */,
				AFE3C5E92060FD7600EEF0F6 /* AppDelegate.m in Sources */,
				AFE3C609206118EF00EEF0F6 /* MainViewController.m in Sources */,
				AFE3C60F20611BC500EEF0F6 /* OrderViewController.m in Sources */,
				AFE3C6062061143000EEF0F6 /* Util.m in Sources */,
				AFE3C60C20611B9700EEF0F6 /* HomeViewController.m in Sources */,
			);
			runOnlyForDeploymentPostprocessing = 0;
		};
/* End PBXSourcesBuildPhase section */

/* Begin PBXVariantGroup section */
		AFE3C5ED2060FD7600EEF0F6 /* Main.storyboard */ = {
			isa = PBXVariantGroup;
			children = (
				AFE3C5EE2060FD7600EEF0F6 /* Base */,
			);
			name = Main.storyboard;
			sourceTree = "<group>";
		};
/* End PBXVariantGroup section */

/* Begin XCBuildConfiguration section */
		AFE3C5F82060FD7600EEF0F6 /* Debug */ = {
			isa = XCBuildConfiguration;
			buildSettings = {
				ALWAYS_SEARCH_USER_PATHS = NO;
				CLANG_ANALYZER_NONNULL = YES;
				CLANG_ANALYZER_NUMBER_OBJECT_CONVERSION = YES_AGGRESSIVE;
				CLANG_CXX_LANGUAGE_STANDARD = "gnu++14";
				CLANG_CXX_LIBRARY = "libc++";
				CLANG_ENABLE_MODULES = YES;
				CLANG_ENABLE_OBJC_ARC = YES;
				CLANG_WARN_BLOCK_CAPTURE_AUTORELEASING = YES;
				CLANG_WARN_BOOL_CONVERSION = YES;
				CLANG_WARN_COMMA = YES;
				CLANG_WARN_CONSTANT_CONVERSION = YES;
				CLANG_WARN_DIRECT_OBJC_ISA_USAGE = YES_ERROR;
				CLANG_WARN_DOCUMENTATION_COMMENTS = YES;
				CLANG_WARN_EMPTY_BODY = YES;
				CLANG_WARN_ENUM_CONVERSION = YES;
				CLANG_WARN_INFINITE_RECURSION = YES;
				CLANG_WARN_INT_CONVERSION = YES;
				CLANG_WARN_NON_LITERAL_NULL_CONVERSION = YES;
				CLANG_WARN_OBJC_LITERAL_CONVERSION = YES;
				CLANG_WARN_OBJC_ROOT_CLASS = YES_ERROR;
				CLANG_WARN_RANGE_LOOP_ANALYSIS = YES;
				CLANG_WARN_STRICT_PROTOTYPES = YES;
				CLANG_WARN_SUSPICIOUS_MOVE = YES;
				CLANG_WARN_UNGUARDED_AVAILABILITY = YES_AGGRESSIVE;
				CLANG_WARN_UNREACHABLE_CODE = YES;
				CLANG_WARN__DUPLICATE_METHOD_MATCH = YES;
				CODE_SIGN_IDENTITY = "iPhone Developer";
				COPY_PHASE_STRIP = NO;
				DEBUG_INFORMATION_FORMAT = dwarf;
				ENABLE_STRICT_OBJC_MSGSEND = YES;
				ENABLE_TESTABILITY = YES;
				GCC_C_LANGUAGE_STANDARD = gnu11;
				GCC_DYNAMIC_NO_PIC = NO;
				GCC_NO_COMMON_BLOCKS = YES;
				GCC_OPTIMIZATION_LEVEL = 0;
				GCC_PREPROCESSOR_DEFINITIONS = (
					"DEBUG=1",
					"$(inherited)",
				);
				GCC_WARN_64_TO_32_BIT_CONVERSION = YES;
				GCC_WARN_ABOUT_RETURN_TYPE = YES_ERROR;
				GCC_WARN_UNDECLARED_SELECTOR = YES;
				GCC_WARN_UNINITIALIZED_AUTOS = YES_AGGRESSIVE;
				GCC_WARN_UNUSED_FUNCTION = YES;
				GCC_WARN_UNUSED_VARIABLE = YES;
				IPHONEOS_DEPLOYMENT_TARGET = 11.2;
				MTL_ENABLE_DEBUG_INFO = YES;
				ONLY_ACTIVE_ARCH = YES;
				SDKROOT = iphoneos;
			};
			name = Debug;
		};
		AFE3C5F92060FD7600EEF0F6 /* Release */ = {
			isa = XCBuildConfiguration;
			buildSettings = {
				ALWAYS_SEARCH_USER_PATHS = NO;
				CLANG_ANALYZER_NONNULL = YES;
				CLANG_ANALYZER_NUMBER_OBJECT_CONVERSION = YES_AGGRESSIVE;
				CLANG_CXX_LANGUAGE_STANDARD = "gnu++14";
				CLANG_CXX_LIBRARY = "libc++";
				CLANG_ENABLE_MODULES = YES;
				CLANG_ENABLE_OBJC_ARC = YES;
				CLANG_WARN_BLOCK_CAPTURE_AUTORELEASING = YES;
				CLANG_WARN_BOOL_CONVERSION = YES;
				CLANG_WARN_COMMA = YES;
				CLANG_WARN_CONSTANT_CONVERSION = YES;
				CLANG_WARN_DIRECT_OBJC_ISA_USAGE = YES_ERROR;
				CLANG_WARN_DOCUMENTATION_COMMENTS = YES;
				CLANG_WARN_EMPTY_BODY = YES;
				CLANG_WARN_ENUM_CONVERSION = YES;
				CLANG_WARN_INFINITE_RECURSION = YES;
				CLANG_WARN_INT_CONVERSION = YES;
				CLANG_WARN_NON_LITERAL_NULL_CONVERSION = YES;
				CLANG_WARN_OBJC_LITERAL_CONVERSION = YES;
				CLANG_WARN_OBJC_ROOT_CLASS = YES_ERROR;
				CLANG_WARN_RANGE_LOOP_ANALYSIS = YES;
				CLANG_WARN_STRICT_PROTOTYPES = YES;
				CLANG_WARN_SUSPICIOUS_MOVE = YES;
				CLANG_WARN_UNGUARDED_AVAILABILITY = YES_AGGRESSIVE;
				CLANG_WARN_UNREACHABLE_CODE = YES;
				CLANG_WARN__DUPLICATE_METHOD_MATCH = YES;
				CODE_SIGN_IDENTITY = "iPhone Developer";
				COPY_PHASE_STRIP = NO;
				DEBUG_INFORMATION_FORMAT = "dwarf-with-dsym";
				ENABLE_NS_ASSERTIONS = NO;
				ENABLE_STRICT_OBJC_MSGSEND = YES;
				GCC_C_LANGUAGE_STANDARD = gnu11;
				GCC_NO_COMMON_BLOCKS = YES;
				GCC_WARN_64_TO_32_BIT_CONVERSION = YES;
				GCC_WARN_ABOUT_RETURN_TYPE = YES_ERROR;
				GCC_WARN_UNDECLARED_SELECTOR = YES;
				GCC_WARN_UNINITIALIZED_AUTOS = YES_AGGRESSIVE;
				GCC_WARN_UNUSED_FUNCTION = YES;
				GCC_WARN_UNUSED_VARIABLE = YES;
				IPHONEOS_DEPLOYMENT_TARGET = 11.2;
				MTL_ENABLE_DEBUG_INFO = NO;
				SDKROOT = iphoneos;
				VALIDATE_PRODUCT = YES;
			};
			name = Release;
		};
		AFE3C5FB2060FD7600EEF0F6 /* Debug */ = {
			isa = XCBuildConfiguration;
			buildSettings = {
				ASSETCATALOG_COMPILER_APPICON_NAME = AppIcon;
				ASSETCATALOG_COMPILER_LAUNCHIMAGE_NAME = LaunchImage;
				CODE_SIGN_STYLE = Automatic;
				DEVELOPMENT_TEAM = NFF66HPUR7;
				INFOPLIST_FILE = JHotelIOS/Info.plist;
				IPHONEOS_DEPLOYMENT_TARGET = 9.0;
				LD_RUNPATH_SEARCH_PATHS = "$(inherited) @executable_path/Frameworks";
				PRODUCT_BUNDLE_IDENTIFIER = cn.joehe.ios.JHotelIOS;
				PRODUCT_NAME = "$(TARGET_NAME)";
				TARGETED_DEVICE_FAMILY = 1;
			};
			name = Debug;
		};
		AFE3C5FC2060FD7600EEF0F6 /* Release */ = {
			isa = XCBuildConfiguration;
			buildSettings = {
				ASSETCATALOG_COMPILER_APPICON_NAME = AppIcon;
				ASSETCATALOG_COMPILER_LAUNCHIMAGE_NAME = LaunchImage;
				CODE_SIGN_STYLE = Automatic;
				DEVELOPMENT_TEAM = NFF66HPUR7;
				INFOPLIST_FILE = JHotelIOS/Info.plist;
				IPHONEOS_DEPLOYMENT_TARGET = 9.0;
				LD_RUNPATH_SEARCH_PATHS = "$(inherited) @executable_path/Frameworks";
				PRODUCT_BUNDLE_IDENTIFIER = cn.joehe.ios.JHotelIOS;
				PRODUCT_NAME = "$(TARGET_NAME)";
				TARGETED_DEVICE_FAMILY = 1;
			};
			name = Release;
		};
/* End XCBuildConfiguration section */

/* Begin XCConfigurationList section */
		AFE3C5DF2060FD7600EEF0F6 /* Build configuration list for PBXProject "JHotelIOS" */ = {
			isa = XCConfigurationList;
			buildConfigurations = (
				AFE3C5F82060FD7600EEF0F6 /* Debug */,
				AFE3C5F92060FD7600EEF0F6 /* Release */,
			);
			defaultConfigurationIsVisible = 0;
			defaultConfigurationName = Release;
		};
		AFE3C5FA2060FD7600EEF0F6 /* Build configuration list for PBXNativeTarget "JHotelIOS" */ = {
			isa = XCConfigurationList;
			buildConfigurations = (
				AFE3C5FB2060FD7600EEF0F6 /* Debug */,
				AFE3C5FC2060FD7600EEF0F6 /* Release */,
			);
			defaultConfigurationIsVisible = 0;
			defaultConfigurationName = Release;
		};
/* End XCConfigurationList section */
	};
	rootObject = AFE3C5DC2060FD7600EEF0F6 /* Project object */;
}
